
Microsoft Visual Studio Solution File, Format Version 12.00
Project("{FAE04EC0-301F-11D3-BF4B-00C04F79EFBC}") = "ReportService", "ReportService.csproj", "{46DE1DB2-73E9-4D5E-B5F3-D9797D01D7E8}"
EndProject
Global
	GlobalSection(SolutionConfigurationPlatforms) = preSolution
		Debug|Any CPU = Debug|Any CPU
		Release|Any CPU = Release|Any CPU
	EndGlobalSection
	GlobalSection(ProjectConfigurationPlatforms) = postSolution
		{46DE1DB2-73E9-4D5E-B5F3-D9797D01D7E8}.Debug|Any CPU.ActiveCfg = Debug|Any CPU
		{46DE1DB2-73E9-4D5E-B5F3-D9797D01D7E8}.Debug|Any CPU.Build.0 = Debug|Any CPU
		{46DE1DB2-73E9-4D5E-B5F3-D9797D01D7E8}.Release|Any CPU.ActiveCfg = Release|Any CPU
		{46DE1DB2-73E9-4D5E-B5F3-D9797D01D7E8}.Release|Any CPU.Build.0 = Release|Any CPU
	EndGlobalSection
EndGlobal
